{
  "version": 3,
  "mopsTomlDepsHash": "edbc474158ea0eb4840d15fd0f5f6dee8495b4b33638ae1bd22e4d99eae50e15",
  "deps": {
    "base": "0.8.4"
  },
  "hashes": {
    "base@0.8.4": {
      "base@0.8.4/src/AssocList.mo": "f883783cdd34b3cdcd2770350f04704fd0dfb46e0285952ae71fb415e58ff722",
      "base@0.8.4/README.md": "931c3f76a25c29388f4705908094f972ef821e2839360d67a39ebfabf49ce2e8",
      "base@0.8.4/src/Array.mo": "4a81553b78e033ee1f0dcc44b854e7d9a3581d5560ea37119a44f93216eb6b70",
      "base@0.8.4/src/Bool.mo": "65faf01dc6e3609ed2f729b813811506951adcce71c081fc6edcdbae4c8b1169",
      "base@0.8.4/src/Blob.mo": "006b052448a7e84f9d832bea94e789397a66324c667c409927b24493498a3a03",
      "base@0.8.4/mops.toml": "a774c8ca0ba727b7bc8892bafdfcaab46c8a8760efcaf75f56df25aabbed52ea",
      "base@0.8.4/LICENSE": "166bd8e8cf7790087d1fd18a9fa4d060cc0d0b3e5ab30689aa5f3a59a93386bf",
      "base@0.8.4/src/Buffer.mo": "7ad75dec25ea37e964c536d6bb86ed90cc48047feedb57c9ded359bea49045f7",
      "base@0.8.4/src/CertifiedData.mo": "51a205989529f6b4fe788f78be0de2da1cb96f6532aac8accccbf4421cce3d06",
      "base@0.8.4/src/Char.mo": "2894bf141479e883f0d1d039d622867f2488994acccb2d4def4a62cea833fa64",
      "base@0.8.4/src/Debug.mo": "3bc1b92c7e849ae09bd5bc43397d625c07ce80d1089cfe12cde6e6fee6a6ab7b",
      "base@0.8.4/src/Deque.mo": "bc2f1039d080d21087049cd259dd166cf07b4d12a6bbb949b7de2dca723b1e5b",
      "base@0.8.4/src/Error.mo": "988e300efcdf69d08338a506b47da2536a376187542a731dcc83b427c711a23d",
      "base@0.8.4/src/ExperimentalCycles.mo": "c7d13828ad82efe3a9eae039c77e27958edebea494a99a9488c3fdeb96a04658",
      "base@0.8.4/src/ExperimentalInternetComputer.mo": "99c0c00972dac65deeb244615fce16b5949084c62cdc228e4776b028631675f1",
      "base@0.8.4/src/ExperimentalStableMemory.mo": "321e66a336d7bed50e524af828b75073226a3f56cd4119defbdba08eac2ec857",
      "base@0.8.4/src/Float.mo": "29e8fc8a33477ff696c28adf997f08f70eb48fa73edc565ddd5518f0cde73e53",
      "base@0.8.4/src/Func.mo": "bea8bcb92707a255814e0a7d79c238e490860c38001438612948704027f05bec",
      "base@0.8.4/src/Hash.mo": "99d7add2ed6e82cf482593ac85edd231d507ef542608cd42fec1cc6d764906e9",
      "base@0.8.4/src/HashMap.mo": "f663ba1b3eeaa04379f597e232ba9fcb88c5fbc6b32d14f5546fb6fc9459d4ed",
      "base@0.8.4/src/Heap.mo": "517b746ca16d80b9b7cf3fc6c2883854d4cb240bd494a888fb65ac02441f769b",
      "base@0.8.4/src/Int.mo": "cd355c51602f31a1df9ca776ba666de5684a68604d2f79a43d0d374cf12bf9d6",
      "base@0.8.4/src/Int16.mo": "5a96ca098350acf2e31c59403071ff360c450ffc5a5d6299916a685a598785b9",
      "base@0.8.4/src/Int32.mo": "e7875766950cfbfa98f057c98e608e859eac832381710402380bd5a1d9ae8dab",
      "base@0.8.4/src/Int64.mo": "96c197083d4dfad45971c9cc2dccd43dc5349f55d4b044d666209b0c0b8cf8c7",
      "base@0.8.4/src/Int8.mo": "5d31542a6356465f5cc434bfe90f65e118b264991748dcd2184efb8d7cffa197",
      "base@0.8.4/src/Iter.mo": "09764b555cbac9c990535647c1c0f6d25b309bf7140cbd249f040bbaecd821a4",
      "base@0.8.4/src/IterType.mo": "1b6361f1b7ee81d1974719c8464c8c574aaee992c37c3c7b6c39f107a58af01c",
      "base@0.8.4/src/List.mo": "3f17cb46e29967689a73edefacb9cb3cb1fd99d037740712badca8e19544ff74",
      "base@0.8.4/src/Nat.mo": "037a961c4f1079537556752a66e9401674c7c7fd8229d8609f03690d8dbe9b04",
      "base@0.8.4/src/Nat16.mo": "fca3755df57174fdb49f6babb8478df7f56f816908c6cd3fbab687eb63042d00",
      "base@0.8.4/src/Nat32.mo": "b9420c6398c4ce396d3618dcab027b8967a4ba08e9157963fe7e6672ffbf6c1b",
      "base@0.8.4/src/Nat64.mo": "3034c2c53af9ab3e0f77fd54b40c426fff3c7af18167d58e3fdf0e1d177cb15b",
      "base@0.8.4/src/Nat8.mo": "0207789b367fd1595358a21d142c375ae709dc9c7901ef164d5290115510fd09",
      "base@0.8.4/src/None.mo": "b204a4964519117e6fa8ee82da5653376988cf618fc397205dfc8ea58f60d2d1",
      "base@0.8.4/src/Option.mo": "aaefe7cdea6f44cfb1d8d2129779f79904ae62a5d15128509521f45765a2adeb",
      "base@0.8.4/src/Order.mo": "d8c76128271612469d052520f10af726556df78688729f9856b62ea292e0f43f",
      "base@0.8.4/src/Prelude.mo": "7b4ea84cb683203c68d6135b524ca5587a1b23436d6733e0aaf723d36be4aa85",
      "base@0.8.4/src/Principal.mo": "ecf167f77a461e3734439cd5d5fd3946b96cca8a10b4b747c4ccb5c9a6ce40fb",
      "base@0.8.4/src/RBTree.mo": "943cea32dd41c37da182e7ae70047cac010d7649f351e8ea29d59fa14c69c0c8",
      "base@0.8.4/src/Random.mo": "15f6fd50d10a9eb401c3f18f19874fb334fec309e94499a46a0a876037dca266",
      "base@0.8.4/src/Result.mo": "bfe7b8340c9d0a2ead312d9715958f7dd63951ade2a13e27baaeb2313bbfb6d7",
      "base@0.8.4/src/Stack.mo": "d374d9db2719758242ccf10a1db633ee82393e5b6630b37315b635f1623604da",
      "base@0.8.4/src/Text.mo": "008c758c562bb2b40f9324bd4ce902091525125692a9c54eb9856e118a3880f9",
      "base@0.8.4/src/Time.mo": "4e2a6126d0a2b0b862735adbde93620a70cb388af25a87c7b853650abd0743ab",
      "base@0.8.4/src/Timer.mo": "edac888c18e75fb6b6dc535949cb641462c2470b078fc31aba095966e07af666",
      "base@0.8.4/src/Trie.mo": "e2215f7f29849712d614adb4cc6cbc773077b21a3b9a445aba5eaa43f2ef7bb6",
      "base@0.8.4/src/TrieMap.mo": "47e484b3509c7806ee186a03ee50084a2a5029d3b5b2cc1b86da2b3311fd7845",
      "base@0.8.4/src/TrieSet.mo": "8e8172b4af4c2d8dfce352a23c8fef02f917f47866ccd75102a6869ceb1255ff"
    }
  }
}